
Microsoft Visual Studio Solution File, Format Version 12.00
# Visual Studio Version 17
VisualStudioVersion = 17.9.34728.123
MinimumVisualStudioVersion = 10.0.40219.1
Project("{FAE04EC0-301F-11D3-BF4B-00C04F79EFBC}") = "LR6_server", "LR6_server\LR6_server.csproj", "{963400F4-A2BF-4F7B-AFAA-DB39FE20A7A1}"
EndProject
Global
	GlobalSection(SolutionConfigurationPlatforms) = preSolution
		Debug|Any CPU = Debug|Any CPU
		Release|Any CPU = Release|Any CPU
	EndGlobalSection
	GlobalSection(ProjectConfigurationPlatforms) = postSolution
		{963400F4-A2BF-4F7B-AFAA-DB39FE20A7A1}.Debug|Any CPU.ActiveCfg = Debug|Any CPU
		{963400F4-A2BF-4F7B-AFAA-DB39FE20A7A1}.Debug|Any CPU.Build.0 = Debug|Any CPU
		{963400F4-A2BF-4F7B-AFAA-DB39FE20A7A1}.Release|Any CPU.ActiveCfg = Release|Any CPU
		{963400F4-A2BF-4F7B-AFAA-DB39FE20A7A1}.Release|Any CPU.Build.0 = Release|Any CPU
	EndGlobalSection
	GlobalSection(SolutionProperties) = preSolution
		HideSolutionNode = FALSE
	EndGlobalSection
	GlobalSection(ExtensibilityGlobals) = postSolution
		SolutionGuid = {4EA1B56A-AE9B-4F74-8089-99EBACB4815C}
	EndGlobalSection
EndGlobal
